{
  "name": "grafana-http-api",
  "version": "1.0.0",
  "lockfileVersion": 1,
  "requires": true,
  "dependencies": {
    "axios": {
      "version": "0.24.0",
      "resolved": "https://registry.npmjs.org/axios/-/axios-0.24.0.tgz",
      "integrity": "sha512-Q6cWsys88HoPgAaFAVUb0WpPk0O8iTeisR9IMqy9G8AbO4NlpVknrnQS03zzF9PGAWgO3cgletO3VjV/P7VztA==",
      "requires": {
        "follow-redirects": "^1.14.4"
      }
    },
    "dni-file-system": {
      "version": "1.0.2",
      "resolved": "https://registry.npmjs.org/dni-file-system/-/dni-file-system-1.0.2.tgz",
      "integrity": "sha512-MpzbIzG5Gmy/tCV1uLV7Bgc5jMzy2ln/Wgue3rDN94PkCpsGAeTHeiC3rBkfHD4ARzZlDyYdTzOoSgnaXdTFEA==",
      "requires": {
        "fs": "0.0.1-security"
      }
    },
    "dni-metric-parse": {
      "version": "1.0.0",
      "resolved": "https://registry.npmjs.org/dni-metric-parse/-/dni-metric-parse-1.0.0.tgz",
      "integrity": "sha512-Njal3+NjnM/dsygA6Bi/ph3DU8IV+UfYwK9h20Qd5D0EhRWbUR//lGcKhNOTM42E0tcyKNbWrSvt4zExVPnSpw==",
      "requires": {
        "axios": "^0.21.1",
        "parse-prometheus-text-format": "^1.1.1"
      },
      "dependencies": {
        "axios": {
          "version": "0.21.4",
          "resolved": "https://registry.npmjs.org/axios/-/axios-0.21.4.tgz",
          "integrity": "sha512-ut5vewkiu8jjGBdqpM44XxjuCjq9LAKeHVmoVfHVzy8eHgxxq8SbAVQNovDA8mVi05kP0Ea/n/UzcSHcTJQfNg==",
          "requires": {
            "follow-redirects": "^1.14.0"
          }
        }
      }
    },
    "dotenv": {
      "version": "10.0.0",
      "resolved": "https://registry.npmjs.org/dotenv/-/dotenv-10.0.0.tgz",
      "integrity": "sha512-rlBi9d8jpv9Sf1klPjNfFAuWDjKLwTIJJ/VxtoTwIR6hnZxcEOQCZg2oIL3MWBYw5GpUDKOEnND7LXTbIpQ03Q=="
    },
    "follow-redirects": {
      "version": "1.14.6",
      "resolved": "https://registry.npmjs.org/follow-redirects/-/follow-redirects-1.14.6.tgz",
      "integrity": "sha512-fhUl5EwSJbbl8AR+uYL2KQDxLkdSjZGR36xy46AO7cOMTrCMON6Sa28FmAnC2tRTDbd/Uuzz3aJBv7EBN7JH8A=="
    },
    "fs": {
      "version": "0.0.1-security",
      "resolved": "https://registry.npmjs.org/fs/-/fs-0.0.1-security.tgz",
      "integrity": "sha1-invTcYa23d84E/I4WLV+yq9eQdQ="
    },
    "parse-prometheus-text-format": {
      "version": "1.1.1",
      "resolved": "https://registry.npmjs.org/parse-prometheus-text-format/-/parse-prometheus-text-format-1.1.1.tgz",
      "integrity": "sha512-dBlhYVACjRdSqLMFe4/Q1l/Gd3UmXm8ruvsTi7J6ul3ih45AkzkVpI5XHV4aZ37juGZW5+3dGU5lwk+QLM9XJA==",
      "requires": {
        "shallow-equal": "^1.2.0"
      }
    },
    "shallow-equal": {
      "version": "1.2.1",
      "resolved": "https://registry.npmjs.org/shallow-equal/-/shallow-equal-1.2.1.tgz",
      "integrity": "sha512-S4vJDjHHMBaiZuT9NPb616CSmLf618jawtv3sufLl6ivK8WocjAo58cXwbRV1cgqxH0Qbv+iUt6m05eqEa2IRA=="
    }
  }
}
